<?xml version="1.0" encoding="utf-8"?>
<Project ToolsVersion="4.0" xmlns="http://schemas.microsoft.com/developer/msbuild/2003">
  <ItemGroup>
    <Filter Include="Header Files">
      <UniqueIdentifier>{d77cff36-688c-44f7-8737-65a11b2b8bbb}</UniqueIdentifier>
    </Filter>
    <Filter Include="Source Files">
      <UniqueIdentifier>{006871b6-87e9-495d-b9ed-c7b40f8b38da}</UniqueIdentifier>
    </Filter>
    <Filter Include="Berkeley DB 4.7.25 Source Files">
      <UniqueIdentifier>{2ee503fd-1d13-43ec-b9bc-ae5c4c6d8042}</UniqueIdentifier>
    </Filter>
  </ItemGroup>
  <ItemGroup>
    <ClInclude Include="..\..\Modules\bsddb.h">
      <Filter>Header Files</Filter>
    </ClInclude>
  </ItemGroup>
  <ItemGroup>
    <ClCompile Include="..\..\Modules\_bsddb.c">
      <Filter>Source Files</Filter>
    </ClCompile>
  </ItemGroup>
</Project>