Microsoft Visual Studio Solution File, Format Version 12.00
# Visual Studio 14
VisualStudioVersion = 14.0.25420.1
MinimumVisualStudioVersion = 10.0.40219.1
Project("{8BC9CEB8-8B4A-11D0-8D11-00A0C91BC942}") = "UnrarXLib", "UnrarXLib.vcproj", "{FE0A91C0-E30A-47CD-8A92-A508C9292452}"
EndProject
Global
	GlobalSection(SolutionConfigurationPlatforms) = preSolution
		Debug|Default = Debug|Default
		Profile_FastCap|Default = Profile_FastCap|Default
		Profile|Default = Profile|Default
		Release_LTCG|Default = Release_LTCG|Default
		Release|Default = Release|Default
	EndGlobalSection
	GlobalSection(ProjectConfigurationPlatforms) = postSolution
		{FE0A91C0-E30A-47CD-8A92-A508C9292452}.Debug|Default.ActiveCfg = Debug|Xbox
		{FE0A91C0-E30A-47CD-8A92-A508C9292452}.Debug|Default.Build.0 = Debug|Xbox
		{FE0A91C0-E30A-47CD-8A92-A508C9292452}.Profile_FastCap|Default.ActiveCfg = Profile_FastCap|Xbox
		{FE0A91C0-E30A-47CD-8A92-A508C9292452}.Profile_FastCap|Default.Build.0 = Profile_FastCap|Xbox
		{FE0A91C0-E30A-47CD-8A92-A508C9292452}.Profile|Default.ActiveCfg = Profile|Xbox
		{FE0A91C0-E30A-47CD-8A92-A508C9292452}.Profile|Default.Build.0 = Profile|Xbox
		{FE0A91C0-E30A-47CD-8A92-A508C9292452}.Release_LTCG|Default.ActiveCfg = Release_LTCG|Xbox
		{FE0A91C0-E30A-47CD-8A92-A508C9292452}.Release_LTCG|Default.Build.0 = Release_LTCG|Xbox
		{FE0A91C0-E30A-47CD-8A92-A508C9292452}.Release|Default.ActiveCfg = Release|Xbox
		{FE0A91C0-E30A-47CD-8A92-A508C9292452}.Release|Default.Build.0 = Release|Xbox
	EndGlobalSection
	GlobalSection(SolutionProperties) = preSolution
		HideSolutionNode = FALSE
	EndGlobalSection
EndGlobal
